// !$*UTF8*$!
{
	archiveVersion = 1;
	classes = {
	};
	objectVersion = 56;
	objects = {

/* Begin PBXBuildFile section */
		FE3146432A3DF1C0003500F5 /* GalleryCollectionView.swift in Sources */ = {isa = PBXBuildFile; fileRef = FE3146422A3DF1C0003500F5 /* GalleryCollectionView.swift */; };
		FE3146462A3DF248003500F5 /* GalleryCollectionViewCell.swift in Sources */ = {isa = PBXBuildFile; fileRef = FE3146452A3DF248003500F5 /* GalleryCollectionViewCell.swift */; };
		FE3146482A3DF2A9003500F5 /* Model.swift in Sources */ = {isa = PBXBuildFile; fileRef = FE3146472A3DF2A9003500F5 /* Model.swift */; };
		FE40C07D2A2E2B2C00861F16 /* AppDelegate.swift in Sources */ = {isa = PBXBuildFile; fileRef = FE40C07C2A2E2B2C00861F16 /* AppDelegate.swift */; };
		FE40C07F2A2E2B2C00861F16 /* SceneDelegate.swift in Sources */ = {isa = PBXBuildFile; fileRef = FE40C07E2A2E2B2C00861F16 /* SceneDelegate.swift */; };
		FE40C0812A2E2B2C00861F16 /* ViewController.swift in Sources */ = {isa = PBXBuildFile; fileRef = FE40C0802A2E2B2C00861F16 /* ViewController.swift */; };
		FE40C0842A2E2B2C00861F16 /* Main.storyboard in Resources */ = {isa = PBXBuildFile; fileRef = FE40C0822A2E2B2C00861F16 /* Main.storyboard */; };
		FE40C0862A2E2B2D00861F16 /* Assets.xcassets in Resources */ = {isa = PBXBuildFile; fileRef = FE40C0852A2E2B2D00861F16 /* Assets.xcassets */; };
		FE40C0892A2E2B2D00861F16 /* LaunchScreen.storyboard in Resources */ = {isa = PBXBuildFile; fileRef = FE40C0872A2E2B2D00861F16 /* LaunchScreen.storyboard */; };
		FE40C0942A2E2B2E00861F16 /* CareTests.swift in Sources */ = {isa = PBXBuildFile; fileRef = FE40C0932A2E2B2E00861F16 /* CareTests.swift */; };
		FE40C09E2A2E2B2E00861F16 /* CareUITests.swift in Sources */ = {isa = PBXBuildFile; fileRef = FE40C09D2A2E2B2E00861F16 /* CareUITests.swift */; };
		FE40C0A02A2E2B2E00861F16 /* CareUITestsLaunchTests.swift in Sources */ = {isa = PBXBuildFile; fileRef = FE40C09F2A2E2B2E00861F16 /* CareUITestsLaunchTests.swift */; };
		FE40C0AD2A2F90AE00861F16 /* DataModels.swift in Sources */ = {isa = PBXBuildFile; fileRef = FE40C0AC2A2F90AE00861F16 /* DataModels.swift */; };
		FE40C0AF2A2F9BCB00861F16 /* DataSource.swift in Sources */ = {isa = PBXBuildFile; fileRef = FE40C0AE2A2F9BCB00861F16 /* DataSource.swift */; };
/* End PBXBuildFile section */

/* Begin PBXContainerItemProxy section */
		FE40C0902A2E2B2E00861F16 /* PBXContainerItemProxy */ = {
			isa = PBXContainerItemProxy;
			containerPortal = FE40C0712A2E2B2C00861F16 /* Project object */;
			proxyType = 1;
			remoteGlobalIDString = FE40C0782A2E2B2C00861F16;
			remoteInfo = Care;
		};
		FE40C09A2A2E2B2E00861F16 /* PBXContainerItemProxy */ = {
			isa = PBXContainerItemProxy;
			containerPortal = FE40C0712A2E2B2C00861F16 /* Project object */;
			proxyType = 1;
			remoteGlobalIDString = FE40C0782A2E2B2C00861F16;
			remoteInfo = Care;
		};
/* End PBXContainerItemProxy section */

/* Begin PBXFileReference section */
		FE3146422A3DF1C0003500F5 /* GalleryCollectionView.swift */ = {isa = PBXFileReference; lastKnownFileType = sourcecode.swift; path = GalleryCollectionView.swift; sourceTree = "<group>"; };
		FE3146452A3DF248003500F5 /* GalleryCollectionViewCell.swift */ = {isa = PBXFileReference; lastKnownFileType = sourcecode.swift; path = GalleryCollectionViewCell.swift; sourceTree = "<group>"; };
		FE3146472A3DF2A9003500F5 /* Model.swift */ = {isa = PBXFileReference; lastKnownFileType = sourcecode.swift; path = Model.swift; sourceTree = "<group>"; };
		FE40C0792A2E2B2C00861F16 /* Care.app */ = {isa = PBXFileReference; explicitFileType = wrapper.application; includeInIndex = 0; path = Care.app; sourceTree = BUILT_PRODUCTS_DIR; };
		FE40C07C2A2E2B2C00861F16 /* AppDelegate.swift */ = {isa = PBXFileReference; lastKnownFileType = sourcecode.swift; path = AppDelegate.swift; sourceTree = "<group>"; };
		FE40C07E2A2E2B2C00861F16 /* SceneDelegate.swift */ = {isa = PBXFileReference; lastKnownFileType = sourcecode.swift; path = SceneDelegate.swift; sourceTree = "<group>"; };
		FE40C0802A2E2B2C00861F16 /* ViewController.swift */ = {isa = PBXFileReference; lastKnownFileType = sourcecode.swift; path = ViewController.swift; sourceTree = "<group>"; };
		FE40C0832A2E2B2C00861F16 /* Base */ = {isa = PBXFileReference; lastKnownFileType = file.storyboard; name = Base; path = Base.lproj/Main.storyboard; sourceTree = "<group>"; };
		FE40C0852A2E2B2D00861F16 /* Assets.xcassets */ = {isa = PBXFileReference; lastKnownFileType = folder.assetcatalog; path = Assets.xcassets; sourceTree = "<group>"; };
		FE40C0882A2E2B2D00861F16 /* Base */ = {isa = PBXFileReference; lastKnownFileType = file.storyboard; name = Base; path = Base.lproj/LaunchScreen.storyboard; sourceTree = "<group>"; };
		FE40C08A2A2E2B2D00861F16 /* Info.plist */ = {isa = PBXFileReference; lastKnownFileType = text.plist.xml; path = Info.plist; sourceTree = "<group>"; };
		FE40C08F2A2E2B2E00861F16 /* CareTests.xctest */ = {isa = PBXFileReference; explicitFileType = wrapper.cfbundle; includeInIndex = 0; path = CareTests.xctest; sourceTree = BUILT_PRODUCTS_DIR; };
		FE40C0932A2E2B2E00861F16 /* CareTests.swift */ = {isa = PBXFileReference; lastKnownFileType = sourcecode.swift; path = CareTests.swift; sourceTree = "<group>"; };
		FE40C0992A2E2B2E00861F16 /* CareUITests.xctest */ = {isa = PBXFileReference; explicitFileType = wrapper.cfbundle; includeInIndex = 0; path = CareUITests.xctest; sourceTree = BUILT_PRODUCTS_DIR; };
		FE40C09D2A2E2B2E00861F16 /* CareUITests.swift */ = {isa = PBXFileReference; lastKnownFileType = sourcecode.swift; path = CareUITests.swift; sourceTree = "<group>"; };
		FE40C09F2A2E2B2E00861F16 /* CareUITestsLaunchTests.swift */ = {isa = PBXFileReference; lastKnownFileType = sourcecode.swift; path = CareUITestsLaunchTests.swift; sourceTree = "<group>"; };
		FE40C0AC2A2F90AE00861F16 /* DataModels.swift */ = {isa = PBXFileReference; lastKnownFileType = sourcecode.swift; path = DataModels.swift; sourceTree = "<group>"; };
		FE40C0AE2A2F9BCB00861F16 /* DataSource.swift */ = {isa = PBXFileReference; fileEncoding = 4; lastKnownFileType = sourcecode.swift; path = DataSource.swift; sourceTree = "<group>"; };
/* End PBXFileReference section */

/* Begin PBXFrameworksBuildPhase section */
		FE40C0762A2E2B2C00861F16 /* Frameworks */ = {
			isa = PBXFrameworksBuildPhase;
			buildActionMask = 2147483647;
			files = (
			);
			runOnlyForDeploymentPostprocessing = 0;
		};
		FE40C08C2A2E2B2E00861F16 /* Frameworks */ = {
			isa = PBXFrameworksBuildPhase;
			buildActionMask = 2147483647;
			files = (
			);
			runOnlyForDeploymentPostprocessing = 0;
		};
		FE40C0962A2E2B2E00861F16 /* Frameworks */ = {
			isa = PBXFrameworksBuildPhase;
			buildActionMask = 2147483647;
			files = (
			);
			runOnlyForDeploymentPostprocessing = 0;
		};
/* End PBXFrameworksBuildPhase section */

/* Begin PBXGroup section */
		FE3146442A3DF1CD003500F5 /* CollectionView */ = {
			isa = PBXGroup;
			children = (
				FE3146422A3DF1C0003500F5 /* GalleryCollectionView.swift */,
				FE3146452A3DF248003500F5 /* GalleryCollectionViewCell.swift */,
				FE3146472A3DF2A9003500F5 /* Model.swift */,
			);
			path = CollectionView;
			sourceTree = "<group>";
		};
		FE3146492A3DF37C003500F5 /* WeatherDate */ = {
			isa = PBXGroup;
			children = (
				FE40C0AC2A2F90AE00861F16 /* DataModels.swift */,
				FE40C0AE2A2F9BCB00861F16 /* DataSource.swift */,
			);
			path = WeatherDate;
			sourceTree = "<group>";
		};
		FE40C0702A2E2B2C00861F16 = {
			isa = PBXGroup;
			children = (
				FE40C07B2A2E2B2C00861F16 /* Care */,
				FE40C0922A2E2B2E00861F16 /* CareTests */,
				FE40C09C2A2E2B2E00861F16 /* CareUITests */,
				FE40C07A2A2E2B2C00861F16 /* Products */,
			);
			sourceTree = "<group>";
		};
		FE40C07A2A2E2B2C00861F16 /* Products */ = {
			isa = PBXGroup;
			children = (
				FE40C0792A2E2B2C00861F16 /* Care.app */,
				FE40C08F2A2E2B2E00861F16 /* CareTests.xctest */,
				FE40C0992A2E2B2E00861F16 /* CareUITests.xctest */,
			);
			name = Products;
			sourceTree = "<group>";
		};
		FE40C07B2A2E2B2C00861F16 /* Care */ = {
			isa = PBXGroup;
			children = (
				FE40C07C2A2E2B2C00861F16 /* AppDelegate.swift */,
				FE3146442A3DF1CD003500F5 /* CollectionView */,
				FE3146492A3DF37C003500F5 /* WeatherDate */,
				FE40C07E2A2E2B2C00861F16 /* SceneDelegate.swift */,
				FE40C0802A2E2B2C00861F16 /* ViewController.swift */,
				FE40C0822A2E2B2C00861F16 /* Main.storyboard */,
				FE40C0852A2E2B2D00861F16 /* Assets.xcassets */,
				FE40C0872A2E2B2D00861F16 /* LaunchScreen.storyboard */,
				FE40C08A2A2E2B2D00861F16 /* Info.plist */,
			);
			path = Care;
			sourceTree = "<group>";
		};
		FE40C0922A2E2B2E00861F16 /* CareTests */ = {
			isa = PBXGroup;
			children = (
				FE40C0932A2E2B2E00861F16 /* CareTests.swift */,
			);
			path = CareTests;
			sourceTree = "<group>";
		};
		FE40C09C2A2E2B2E00861F16 /* CareUITests */ = {
			isa = PBXGroup;
			children = (
				FE40C09D2A2E2B2E00861F16 /* CareUITests.swift */,
				FE40C09F2A2E2B2E00861F16 /* CareUITestsLaunchTests.swift */,
			);
			path = CareUITests;
			sourceTree = "<group>";
		};
/* End PBXGroup section */

/* Begin PBXNativeTarget section */
		FE40C0782A2E2B2C00861F16 /* Care */ = {
			isa = PBXNativeTarget;
			buildConfigurationList = FE40C0A32A2E2B2E00861F16 /* Build configuration list for PBXNativeTarget "Care" */;
			buildPhases = (
				FE40C0752A2E2B2C00861F16 /* Sources */,
				FE40C0762A2E2B2C00861F16 /* Frameworks */,
				FE40C0772A2E2B2C00861F16 /* Resources */,
			);
			buildRules = (
			);
			dependencies = (
			);
			name = Care;
			productName = Care;
			productReference = FE40C0792A2E2B2C00861F16 /* Care.app */;
			productType = "com.apple.product-type.application";
		};
		FE40C08E2A2E2B2E00861F16 /* CareTests */ = {
			isa = PBXNativeTarget;
			buildConfigurationList = FE40C0A62A2E2B2E00861F16 /* Build configuration list for PBXNativeTarget "CareTests" */;
			buildPhases = (
				FE40C08B2A2E2B2E00861F16 /* Sources */,
				FE40C08C2A2E2B2E00861F16 /* Frameworks */,
				FE40C08D2A2E2B2E00861F16 /* Resources */,
			);
			buildRules = (
			);
			dependencies = (
				FE40C0912A2E2B2E00861F16 /* PBXTargetDependency */,
			);
			name = CareTests;
			productName = CareTests;
			productReference = FE40C08F2A2E2B2E00861F16 /* CareTests.xctest */;
			productType = "com.apple.product-type.bundle.unit-test";
		};
		FE40C0982A2E2B2E00861F16 /* CareUITests */ = {
			isa = PBXNativeTarget;
			buildConfigurationList = FE40C0A92A2E2B2E00861F16 /* Build configuration list for PBXNativeTarget "CareUITests" */;
			buildPhases = (
				FE40C0952A2E2B2E00861F16 /* Sources */,
				FE40C0962A2E2B2E00861F16 /* Frameworks */,
				FE40C0972A2E2B2E00861F16 /* Resources */,
			);
			buildRules = (
			);
			dependencies = (
				FE40C09B2A2E2B2E00861F16 /* PBXTargetDependency */,
			);
			name = CareUITests;
			productName = CareUITests;
			productReference = FE40C0992A2E2B2E00861F16 /* CareUITests.xctest */;
			productType = "com.apple.product-type.bundle.ui-testing";
		};
/* End PBXNativeTarget section */

/* Begin PBXProject section */
		FE40C0712A2E2B2C00861F16 /* Project object */ = {
			isa = PBXProject;
			attributes = {
				BuildIndependentTargetsInParallel = 1;
				LastSwiftUpdateCheck = 1430;
				LastUpgradeCheck = 1430;
				TargetAttributes = {
					FE40C0782A2E2B2C00861F16 = {
						CreatedOnToolsVersion = 14.3;
					};
					FE40C08E2A2E2B2E00861F16 = {
						CreatedOnToolsVersion = 14.3;
						TestTargetID = FE40C0782A2E2B2C00861F16;
					};
					FE40C0982A2E2B2E00861F16 = {
						CreatedOnToolsVersion = 14.3;
						TestTargetID = FE40C0782A2E2B2C00861F16;
					};
				};
			};
			buildConfigurationList = FE40C0742A2E2B2C00861F16 /* Build configuration list for PBXProject "Care" */;
			compatibilityVersion = "Xcode 14.0";
			developmentRegion = en;
			hasScannedForEncodings = 0;
			knownRegions = (
				en,
				Base,
			);
			mainGroup = FE40C0702A2E2B2C00861F16;
			productRefGroup = FE40C07A2A2E2B2C00861F16 /* Products */;
			projectDirPath = "";
			projectRoot = "";
			targets = (
				FE40C0782A2E2B2C00861F16 /* Care */,
				FE40C08E2A2E2B2E00861F16 /* CareTests */,
				FE40C0982A2E2B2E00861F16 /* CareUITests */,
			);
		};
/* End PBXProject section */

/* Begin PBXResourcesBuildPhase section */
		FE40C0772A2E2B2C00861F16 /* Resources */ = {
			isa = PBXResourcesBuildPhase;
			buildActionMask = 2147483647;
			files = (
				FE40C0892A2E2B2D00861F16 /* LaunchScreen.storyboard in Resources */,
				FE40C0862A2E2B2D00861F16 /* Assets.xcassets in Resources */,
				FE40C0842A2E2B2C00861F16 /* Main.storyboard in Resources */,
			);
			runOnlyForDeploymentPostprocessing = 0;
		};
		FE40C08D2A2E2B2E00861F16 /* Resources */ = {
			isa = PBXResourcesBuildPhase;
			buildActionMask = 2147483647;
			files = (
			);
			runOnlyForDeploymentPostprocessing = 0;
		};
		FE40C0972A2E2B2E00861F16 /* Resources */ = {
			isa = PBXResourcesBuildPhase;
			buildActionMask = 2147483647;
			files = (
			);
			runOnlyForDeploymentPostprocessing = 0;
		};
/* End PBXResourcesBuildPhase section */

/* Begin PBXSourcesBuildPhase section */
		FE40C0752A2E2B2C00861F16 /* Sources */ = {
			isa = PBXSourcesBuildPhase;
			buildActionMask = 2147483647;
			files = (
				FE40C0812A2E2B2C00861F16 /* ViewController.swift in Sources */,
				FE40C0AD2A2F90AE00861F16 /* DataModels.swift in Sources */,
				FE40C07D2A2E2B2C00861F16 /* AppDelegate.swift in Sources */,
				FE3146432A3DF1C0003500F5 /* GalleryCollectionView.swift in Sources */,
				FE40C0AF2A2F9BCB00861F16 /* DataSource.swift in Sources */,
				FE3146462A3DF248003500F5 /* GalleryCollectionViewCell.swift in Sources */,
				FE40C07F2A2E2B2C00861F16 /* SceneDelegate.swift in Sources */,
				FE3146482A3DF2A9003500F5 /* Model.swift in Sources */,
			);
			runOnlyForDeploymentPostprocessing = 0;
		};
		FE40C08B2A2E2B2E00861F16 /* Sources */ = {
			isa = PBXSourcesBuildPhase;
			buildActionMask = 2147483647;
			files = (
				FE40C0942A2E2B2E00861F16 /* CareTests.swift in Sources */,
			);
			runOnlyForDeploymentPostprocessing = 0;
		};
		FE40C0952A2E2B2E00861F16 /* Sources */ = {
			isa = PBXSourcesBuildPhase;
			buildActionMask = 2147483647;
			files = (
				FE40C09E2A2E2B2E00861F16 /* CareUITests.swift in Sources */,
				FE40C0A02A2E2B2E00861F16 /* CareUITestsLaunchTests.swift in Sources */,
			);
			runOnlyForDeploymentPostprocessing = 0;
		};
/* End PBXSourcesBuildPhase section */

/* Begin PBXTargetDependency section */
		FE40C0912A2E2B2E00861F16 /* PBXTargetDependency */ = {
			isa = PBXTargetDependency;
			target = FE40C0782A2E2B2C00861F16 /* Care */;
			targetProxy = FE40C0902A2E2B2E00861F16 /* PBXContainerItemProxy */;
		};
		FE40C09B2A2E2B2E00861F16 /* PBXTargetDependency */ = {
			isa = PBXTargetDependency;
			target = FE40C0782A2E2B2C00861F16 /* Care */;
			targetProxy = FE40C09A2A2E2B2E00861F16 /* PBXContainerItemProxy */;
		};
/* End PBXTargetDependency section */

/* Begin PBXVariantGroup section */
		FE40C0822A2E2B2C00861F16 /* Main.storyboard */ = {
			isa = PBXVariantGroup;
			children = (
				FE40C0832A2E2B2C00861F16 /* Base */,
			);
			name = Main.storyboard;
			sourceTree = "<group>";
		};
		FE40C0872A2E2B2D00861F16 /* LaunchScreen.storyboard */ = {
			isa = PBXVariantGroup;
			children = (
				FE40C0882A2E2B2D00861F16 /* Base */,
			);
			name = LaunchScreen.storyboard;
			sourceTree = "<group>";
		};
/* End PBXVariantGroup section */

/* Begin XCBuildConfiguration section */
		FE40C0A12A2E2B2E00861F16 /* Debug */ = {
			isa = XCBuildConfiguration;
			buildSettings = {
				ALWAYS_SEARCH_USER_PATHS = NO;
				CLANG_ANALYZER_NONNULL = YES;
				CLANG_ANALYZER_NUMBER_OBJECT_CONVERSION = YES_AGGRESSIVE;
				CLANG_CXX_LANGUAGE_STANDARD = "gnu++20";
				CLANG_ENABLE_MODULES = YES;
				CLANG_ENABLE_OBJC_ARC = YES;
				CLANG_ENABLE_OBJC_WEAK = YES;
				CLANG_WARN_BLOCK_CAPTURE_AUTORELEASING = YES;
				CLANG_WARN_BOOL_CONVERSION = YES;
				CLANG_WARN_COMMA = YES;
				CLANG_WARN_CONSTANT_CONVERSION = YES;
				CLANG_WARN_DEPRECATED_OBJC_IMPLEMENTATIONS = YES;
				CLANG_WARN_DIRECT_OBJC_ISA_USAGE = YES_ERROR;
				CLANG_WARN_DOCUMENTATION_COMMENTS = YES;
				CLANG_WARN_EMPTY_BODY = YES;
				CLANG_WARN_ENUM_CONVERSION = YES;
				CLANG_WARN_INFINITE_RECURSION = YES;
				CLANG_WARN_INT_CONVERSION = YES;
				CLANG_WARN_NON_LITERAL_NULL_CONVERSION = YES;
				CLANG_WARN_OBJC_IMPLICIT_RETAIN_SELF = YES;
				CLANG_WARN_OBJC_LITERAL_CONVERSION = YES;
				CLANG_WARN_OBJC_ROOT_CLASS = YES_ERROR;
				CLANG_WARN_QUOTED_INCLUDE_IN_FRAMEWORK_HEADER = YES;
				CLANG_WARN_RANGE_LOOP_ANALYSIS = YES;
				CLANG_WARN_STRICT_PROTOTYPES = YES;
				CLANG_WARN_SUSPICIOUS_MOVE = YES;
				CLANG_WARN_UNGUARDED_AVAILABILITY = YES_AGGRESSIVE;
				CLANG_WARN_UNREACHABLE_CODE = YES;
				CLANG_WARN__DUPLICATE_METHOD_MATCH = YES;
				COPY_PHASE_STRIP = NO;
				DEBUG_INFORMATION_FORMAT = dwarf;
				ENABLE_STRICT_OBJC_MSGSEND = YES;
				ENABLE_TESTABILITY = YES;
				GCC_C_LANGUAGE_STANDARD = gnu11;
				GCC_DYNAMIC_NO_PIC = NO;
				GCC_NO_COMMON_BLOCKS = YES;
				GCC_OPTIMIZATION_LEVEL = 0;
				GCC_PREPROCESSOR_DEFINITIONS = (
					"DEBUG=1",
					"$(inherited)",
				);
				GCC_WARN_64_TO_32_BIT_CONVERSION = YES;
				GCC_WARN_ABOUT_RETURN_TYPE = YES_ERROR;
				GCC_WARN_UNDECLARED_SELECTOR = YES;
				GCC_WARN_UNINITIALIZED_AUTOS = YES_AGGRESSIVE;
				GCC_WARN_UNUSED_FUNCTION = YES;
				GCC_WARN_UNUSED_VARIABLE = YES;
				IPHONEOS_DEPLOYMENT_TARGET = 16.4;
				MTL_ENABLE_DEBUG_INFO = INCLUDE_SOURCE;
				MTL_FAST_MATH = YES;
				ONLY_ACTIVE_ARCH = YES;
				SDKROOT = iphoneos;
				SWIFT_ACTIVE_COMPILATION_CONDITIONS = DEBUG;
				SWIFT_OPTIMIZATION_LEVEL = "-Onone";
			};
			name = Debug;
		};
		FE40C0A22A2E2B2E00861F16 /* Release */ = {
			isa = XCBuildConfiguration;
			buildSettings = {
				ALWAYS_SEARCH_USER_PATHS = NO;
				CLANG_ANALYZER_NONNULL = YES;
				CLANG_ANALYZER_NUMBER_OBJECT_CONVERSION = YES_AGGRESSIVE;
				CLANG_CXX_LANGUAGE_STANDARD = "gnu++20";
				CLANG_ENABLE_MODULES = YES;
				CLANG_ENABLE_OBJC_ARC = YES;
				CLANG_ENABLE_OBJC_WEAK = YES;
				CLANG_WARN_BLOCK_CAPTURE_AUTORELEASING = YES;
				CLANG_WARN_BOOL_CONVERSION = YES;
				CLANG_WARN_COMMA = YES;
				CLANG_WARN_CONSTANT_CONVERSION = YES;
				CLANG_WARN_DEPRECATED_OBJC_IMPLEMENTATIONS = YES;
				CLANG_WARN_DIRECT_OBJC_ISA_USAGE = YES_ERROR;
				CLANG_WARN_DOCUMENTATION_COMMENTS = YES;
				CLANG_WARN_EMPTY_BODY = YES;
				CLANG_WARN_ENUM_CONVERSION = YES;
				CLANG_WARN_INFINITE_RECURSION = YES;
				CLANG_WARN_INT_CONVERSION = YES;
				CLANG_WARN_NON_LITERAL_NULL_CONVERSION = YES;
				CLANG_WARN_OBJC_IMPLICIT_RETAIN_SELF = YES;
				CLANG_WARN_OBJC_LITERAL_CONVERSION = YES;
				CLANG_WARN_OBJC_ROOT_CLASS = YES_ERROR;
				CLANG_WARN_QUOTED_INCLUDE_IN_FRAMEWORK_HEADER = YES;
				CLANG_WARN_RANGE_LOOP_ANALYSIS = YES;
				CLANG_WARN_STRICT_PROTOTYPES = YES;
				CLANG_WARN_SUSPICIOUS_MOVE = YES;
				CLANG_WARN_UNGUARDED_AVAILABILITY = YES_AGGRESSIVE;
				CLANG_WARN_UNREACHABLE_CODE = YES;
				CLANG_WARN__DUPLICATE_METHOD_MATCH = YES;
				COPY_PHASE_STRIP = NO;
				DEBUG_INFORMATION_FORMAT = "dwarf-with-dsym";
				ENABLE_NS_ASSERTIONS = NO;
				ENABLE_STRICT_OBJC_MSGSEND = YES;
				GCC_C_LANGUAGE_STANDARD = gnu11;
				GCC_NO_COMMON_BLOCKS = YES;
				GCC_WARN_64_TO_32_BIT_CONVERSION = YES;
				GCC_WARN_ABOUT_RETURN_TYPE = YES_ERROR;
				GCC_WARN_UNDECLARED_SELECTOR = YES;
				GCC_WARN_UNINITIALIZED_AUTOS = YES_AGGRESSIVE;
				GCC_WARN_UNUSED_FUNCTION = YES;
				GCC_WARN_UNUSED_VARIABLE = YES;
				IPHONEOS_DEPLOYMENT_TARGET = 16.4;
				MTL_ENABLE_DEBUG_INFO = NO;
				MTL_FAST_MATH = YES;
				SDKROOT = iphoneos;
				SWIFT_COMPILATION_MODE = wholemodule;
				SWIFT_OPTIMIZATION_LEVEL = "-O";
				VALIDATE_PRODUCT = YES;
			};
			name = Release;
		};
		FE40C0A42A2E2B2E00861F16 /* Debug */ = {
			isa = XCBuildConfiguration;
			buildSettings = {
				ASSETCATALOG_COMPILER_APPICON_NAME = AppIcon;
				ASSETCATALOG_COMPILER_GLOBAL_ACCENT_COLOR_NAME = AccentColor;
				CODE_SIGN_STYLE = Automatic;
				CURRENT_PROJECT_VERSION = 1;
				DEVELOPMENT_TEAM = 84HMKC95WY;
				GENERATE_INFOPLIST_FILE = YES;
				INFOPLIST_FILE = Care/Info.plist;
				INFOPLIST_KEY_NSLocationWhenInUseUsageDescription = "Приложению необходимо использовать ваше местоположение ";
				INFOPLIST_KEY_UIApplicationSupportsIndirectInputEvents = YES;
				INFOPLIST_KEY_UILaunchStoryboardName = LaunchScreen;
				INFOPLIST_KEY_UIMainStoryboardFile = Main;
				INFOPLIST_KEY_UISupportedInterfaceOrientations_iPad = "UIInterfaceOrientationPortrait UIInterfaceOrientationPortraitUpsideDown UIInterfaceOrientationLandscapeLeft UIInterfaceOrientationLandscapeRight";
				INFOPLIST_KEY_UISupportedInterfaceOrientations_iPhone = "UIInterfaceOrientationPortrait UIInterfaceOrientationLandscapeLeft UIInterfaceOrientationLandscapeRight";
				IPHONEOS_DEPLOYMENT_TARGET = 15.0;
				LD_RUNPATH_SEARCH_PATHS = (
					"$(inherited)",
					"@executable_path/Frameworks",
				);
				MARKETING_VERSION = 1.0;
				PRODUCT_BUNDLE_IDENTIFIER = Allison;
				PRODUCT_NAME = "$(TARGET_NAME)";
				SWIFT_EMIT_LOC_STRINGS = YES;
				SWIFT_VERSION = 5.0;
				TARGETED_DEVICE_FAMILY = "1,2";
			};
			name = Debug;
		};
		FE40C0A52A2E2B2E00861F16 /* Release */ = {
			isa = XCBuildConfiguration;
			buildSettings = {
				ASSETCATALOG_COMPILER_APPICON_NAME = AppIcon;
				ASSETCATALOG_COMPILER_GLOBAL_ACCENT_COLOR_NAME = AccentColor;
				CODE_SIGN_STYLE = Automatic;
				CURRENT_PROJECT_VERSION = 1;
				DEVELOPMENT_TEAM = 84HMKC95WY;
				GENERATE_INFOPLIST_FILE = YES;
				INFOPLIST_FILE = Care/Info.plist;
				INFOPLIST_KEY_NSLocationWhenInUseUsageDescription = "Приложению необходимо использовать ваше местоположение ";
				INFOPLIST_KEY_UIApplicationSupportsIndirectInputEvents = YES;
				INFOPLIST_KEY_UILaunchStoryboardName = LaunchScreen;
				INFOPLIST_KEY_UIMainStoryboardFile = Main;
				INFOPLIST_KEY_UISupportedInterfaceOrientations_iPad = "UIInterfaceOrientationPortrait UIInterfaceOrientationPortraitUpsideDown UIInterfaceOrientationLandscapeLeft UIInterfaceOrientationLandscapeRight";
				INFOPLIST_KEY_UISupportedInterfaceOrientations_iPhone = "UIInterfaceOrientationPortrait UIInterfaceOrientationLandscapeLeft UIInterfaceOrientationLandscapeRight";
				IPHONEOS_DEPLOYMENT_TARGET = 15.0;
				LD_RUNPATH_SEARCH_PATHS = (
					"$(inherited)",
					"@executable_path/Frameworks",
				);
				MARKETING_VERSION = 1.0;
				PRODUCT_BUNDLE_IDENTIFIER = Allison;
				PRODUCT_NAME = "$(TARGET_NAME)";
				SWIFT_EMIT_LOC_STRINGS = YES;
				SWIFT_VERSION = 5.0;
				TARGETED_DEVICE_FAMILY = "1,2";
			};
			name = Release;
		};
		FE40C0A72A2E2B2E00861F16 /* Debug */ = {
			isa = XCBuildConfiguration;
			buildSettings = {
				ALWAYS_EMBED_SWIFT_STANDARD_LIBRARIES = YES;
				BUNDLE_LOADER = "$(TEST_HOST)";
				CODE_SIGN_STYLE = Automatic;
				CURRENT_PROJECT_VERSION = 1;
				DEVELOPMENT_TEAM = 84HMKC95WY;
				GENERATE_INFOPLIST_FILE = YES;
				IPHONEOS_DEPLOYMENT_TARGET = 16.4;
				MARKETING_VERSION = 1.0;
				PRODUCT_BUNDLE_IDENTIFIER = Allison.CareTests;
				PRODUCT_NAME = "$(TARGET_NAME)";
				SWIFT_EMIT_LOC_STRINGS = NO;
				SWIFT_VERSION = 5.0;
				TARGETED_DEVICE_FAMILY = "1,2";
				TEST_HOST = "$(BUILT_PRODUCTS_DIR)/Care.app/$(BUNDLE_EXECUTABLE_FOLDER_PATH)/Care";
			};
			name = Debug;
		};
		FE40C0A82A2E2B2E00861F16 /* Release */ = {
			isa = XCBuildConfiguration;
			buildSettings = {
				ALWAYS_EMBED_SWIFT_STANDARD_LIBRARIES = YES;
				BUNDLE_LOADER = "$(TEST_HOST)";
				CODE_SIGN_STYLE = Automatic;
				CURRENT_PROJECT_VERSION = 1;
				DEVELOPMENT_TEAM = 84HMKC95WY;
				GENERATE_INFOPLIST_FILE = YES;
				IPHONEOS_DEPLOYMENT_TARGET = 16.4;
				MARKETING_VERSION = 1.0;
				PRODUCT_BUNDLE_IDENTIFIER = Allison.CareTests;
				PRODUCT_NAME = "$(TARGET_NAME)";
				SWIFT_EMIT_LOC_STRINGS = NO;
				SWIFT_VERSION = 5.0;
				TARGETED_DEVICE_FAMILY = "1,2";
				TEST_HOST = "$(BUILT_PRODUCTS_DIR)/Care.app/$(BUNDLE_EXECUTABLE_FOLDER_PATH)/Care";
			};
			name = Release;
		};
		FE40C0AA2A2E2B2E00861F16 /* Debug */ = {
			isa = XCBuildConfiguration;
			buildSettings = {
				ALWAYS_EMBED_SWIFT_STANDARD_LIBRARIES = YES;
				CODE_SIGN_STYLE = Automatic;
				CURRENT_PROJECT_VERSION = 1;
				DEVELOPMENT_TEAM = 84HMKC95WY;
				GENERATE_INFOPLIST_FILE = YES;
				MARKETING_VERSION = 1.0;
				PRODUCT_BUNDLE_IDENTIFIER = Allison.CareUITests;
				PRODUCT_NAME = "$(TARGET_NAME)";
				SWIFT_EMIT_LOC_STRINGS = NO;
				SWIFT_VERSION = 5.0;
				TARGETED_DEVICE_FAMILY = "1,2";
				TEST_TARGET_NAME = Care;
			};
			name = Debug;
		};
		FE40C0AB2A2E2B2E00861F16 /* Release */ = {
			isa = XCBuildConfiguration;
			buildSettings = {
				ALWAYS_EMBED_SWIFT_STANDARD_LIBRARIES = YES;
				CODE_SIGN_STYLE = Automatic;
				CURRENT_PROJECT_VERSION = 1;
				DEVELOPMENT_TEAM = 84HMKC95WY;
				GENERATE_INFOPLIST_FILE = YES;
				MARKETING_VERSION = 1.0;
				PRODUCT_BUNDLE_IDENTIFIER = Allison.CareUITests;
				PRODUCT_NAME = "$(TARGET_NAME)";
				SWIFT_EMIT_LOC_STRINGS = NO;
				SWIFT_VERSION = 5.0;
				TARGETED_DEVICE_FAMILY = "1,2";
				TEST_TARGET_NAME = Care;
			};
			name = Release;
		};
/* End XCBuildConfiguration section */

/* Begin XCConfigurationList section */
		FE40C0742A2E2B2C00861F16 /* Build configuration list for PBXProject "Care" */ = {
			isa = XCConfigurationList;
			buildConfigurations = (
				FE40C0A12A2E2B2E00861F16 /* Debug */,
				FE40C0A22A2E2B2E00861F16 /* Release */,
			);
			defaultConfigurationIsVisible = 0;
			defaultConfigurationName = Release;
		};
		FE40C0A32A2E2B2E00861F16 /* Build configuration list for PBXNativeTarget "Care" */ = {
			isa = XCConfigurationList;
			buildConfigurations = (
				FE40C0A42A2E2B2E00861F16 /* Debug */,
				FE40C0A52A2E2B2E00861F16 /* Release */,
			);
			defaultConfigurationIsVisible = 0;
			defaultConfigurationName = Release;
		};
		FE40C0A62A2E2B2E00861F16 /* Build configuration list for PBXNativeTarget "CareTests" */ = {
			isa = XCConfigurationList;
			buildConfigurations = (
				FE40C0A72A2E2B2E00861F16 /* Debug */,
				FE40C0A82A2E2B2E00861F16 /* Release */,
			);
			defaultConfigurationIsVisible = 0;
			defaultConfigurationName = Release;
		};
		FE40C0A92A2E2B2E00861F16 /* Build configuration list for PBXNativeTarget "CareUITests" */ = {
			isa = XCConfigurationList;
			buildConfigurations = (
				FE40C0AA2A2E2B2E00861F16 /* Debug */,
				FE40C0AB2A2E2B2E00861F16 /* Release */,
			);
			defaultConfigurationIsVisible = 0;
			defaultConfigurationName = Release;
		};
/* End XCConfigurationList section */
	};
	rootObject = FE40C0712A2E2B2C00861F16 /* Project object */;
}
